
Microsoft Visual Studio Solution File, Format Version 12.00
# Visual Studio Version 16
VisualStudioVersion = 16.0.31005.135
MinimumVisualStudioVersion = 10.0.40219.1
Project("{FAE04EC0-301F-11D3-BF4B-00C04F79EFBC}") = "UserMaintenance", "UserMaintenance\UserMaintenance.csproj", "{8B160280-1EC6-4D01-9AF9-52A46C5839B4}"
EndProject
Global
	GlobalSection(SolutionConfigurationPlatforms) = preSolution
		Debug|Any CPU = Debug|Any CPU
		Release|Any CPU = Release|Any CPU
	EndGlobalSection
	GlobalSection(ProjectConfigurationPlatforms) = postSolution
		{8B160280-1EC6-4D01-9AF9-52A46C5839B4}.Debug|Any CPU.ActiveCfg = Debug|Any CPU
		{8B160280-1EC6-4D01-9AF9-52A46C5839B4}.Debug|Any CPU.Build.0 = Debug|Any CPU
		{8B160280-1EC6-4D01-9AF9-52A46C5839B4}.Release|Any CPU.ActiveCfg = Release|Any CPU
		{8B160280-1EC6-4D01-9AF9-52A46C5839B4}.Release|Any CPU.Build.0 = Release|Any CPU
	EndGlobalSection
	GlobalSection(SolutionProperties) = preSolution
		HideSolutionNode = FALSE
	EndGlobalSection
	GlobalSection(ExtensibilityGlobals) = postSolution
		SolutionGuid = {2F9A5AA2-41B7-4EB0-A128-08C75022A027}
	EndGlobalSection
EndGlobal
